<?xml version="1.0" encoding="utf-8"?>
<Project ToolsVersion="4.0" xmlns="http://schemas.microsoft.com/developer/msbuild/2003">
  <ItemGroup>
    <Filter Include="Source Files">
      <UniqueIdentifier>{4FC737F1-C7A5-4376-A066-2A32D752A2FF}</UniqueIdentifier>
      <Extensions>cpp;c;cc;cxx;c++;cppm;ixx;def;odl;idl;hpj;bat;asm;asmx</Extensions>
    </Filter>
    <Filter Include="Header Files">
      <UniqueIdentifier>{93995380-89BD-4b04-88EB-625FBE52EBFB}</UniqueIdentifier>
      <Extensions>h;hh;hpp;hxx;h++;hm;inl;inc;ipp;xsd</Extensions>
    </Filter>
    <Filter Include="Resource Files">
      <UniqueIdentifier>{67DA6AB6-F800-4c08-8B7A-83BB121AAD01}</UniqueIdentifier>
      <Extensions>rc;ico;cur;bmp;dlg;rc2;rct;bin;rgs;gif;jpg;jpeg;jpe;resx;tiff;tif;png;wav;mfcribbon-ms</Extensions>
    </Filter>
    <Filter Include="Source Files\minhook">
      <UniqueIdentifier>{5ed42d16-18ff-4417-a351-0beb6de99774}</UniqueIdentifier>
    </Filter>
    <Filter Include="Source Files\proxy">
      <UniqueIdentifier>{2d532000-4d5c-49d3-9716-2a1d54061340}</UniqueIdentifier>
    </Filter>
    <Filter Include="Source Files\patterns">
      <UniqueIdentifier>{8392678d-7b4b-4594-95ec-325801d4ecac}</UniqueIdentifier>
    </Filter>
    <Filter Include="Source Files\asmjit">
      <UniqueIdentifier>{6ed8e9a9-5899-449f-b820-c9e8a9ef281a}</UniqueIdentifier>
    </Filter>
    <Filter Include="Source Files\asmjit\arm">
      <UniqueIdentifier>{f4e570c1-a451-476a-8f18-c12b17412338}</UniqueIdentifier>
    </Filter>
    <Filter Include="Source Files\asmjit\core">
      <UniqueIdentifier>{ba67de7d-2160-4b69-b6a1-83a85560f7f1}</UniqueIdentifier>
    </Filter>
    <Filter Include="Source Files\asmjit\x86">
      <UniqueIdentifier>{1245105b-2210-4b4c-86d6-5b3b536f9808}</UniqueIdentifier>
    </Filter>
  </ItemGroup>
  <ItemGroup>
    <ClCompile Include="main.cpp">
      <Filter>Source Files</Filter>
    </ClCompile>
    <ClCompile Include="libs\minhook\src\buffer.c">
      <Filter>Source Files\minhook</Filter>
    </ClCompile>
    <ClCompile Include="libs\minhook\src\hde\hde32.c">
      <Filter>Source Files\minhook</Filter>
    </ClCompile>
    <ClCompile Include="libs\minhook\src\hde\hde64.c">
      <Filter>Source Files\minhook</Filter>
    </ClCompile>
    <ClCompile Include="libs\minhook\src\hook.c">
      <Filter>Source Files\minhook</Filter>
    </ClCompile>
    <ClCompile Include="libs\minhook\src\trampoline.c">
      <Filter>Source Files\minhook</Filter>
    </ClCompile>
    <ClCompile Include="dllmain.cpp">
      <Filter>Source Files\proxy</Filter>
    </ClCompile>
    <ClCompile Include="restorentdll.cpp">
      <Filter>Source Files</Filter>
    </ClCompile>
    <ClCompile Include="libs\patterns\Hooking.Patterns.cpp">
      <Filter>Source Files\patterns</Filter>
    </ClCompile>
    <ClCompile Include="libs\asmjit\src\asmjit\arm\a64assembler.cpp">
      <Filter>Source Files\asmjit\arm</Filter>
    </ClCompile>
    <ClCompile Include="libs\asmjit\src\asmjit\arm\a64builder.cpp">
      <Filter>Source Files\asmjit\arm</Filter>
    </ClCompile>
    <ClCompile Include="libs\asmjit\src\asmjit\arm\a64compiler.cpp">
      <Filter>Source Files\asmjit\arm</Filter>
    </ClCompile>
    <ClCompile Include="libs\asmjit\src\asmjit\arm\a64emithelper.cpp">
      <Filter>Source Files\asmjit\arm</Filter>
    </ClCompile>
    <ClCompile Include="libs\asmjit\src\asmjit\arm\a64formatter.cpp">
      <Filter>Source Files\asmjit\arm</Filter>
    </ClCompile>
    <ClCompile Include="libs\asmjit\src\asmjit\arm\a64func.cpp">
      <Filter>Source Files\asmjit\arm</Filter>
    </ClCompile>
    <ClCompile Include="libs\asmjit\src\asmjit\arm\a64instapi.cpp">
      <Filter>Source Files\asmjit\arm</Filter>
    </ClCompile>
    <ClCompile Include="libs\asmjit\src\asmjit\arm\a64instdb.cpp">
      <Filter>Source Files\asmjit\arm</Filter>
    </ClCompile>
    <ClCompile Include="libs\asmjit\src\asmjit\arm\a64operand.cpp">
      <Filter>Source Files\asmjit\arm</Filter>
    </ClCompile>
    <ClCompile Include="libs\asmjit\src\asmjit\arm\a64rapass.cpp">
      <Filter>Source Files\asmjit\arm</Filter>
    </ClCompile>
    <ClCompile Include="libs\asmjit\src\asmjit\arm\armformatter.cpp">
      <Filter>Source Files\asmjit\arm</Filter>
    </ClCompile>
    <ClCompile Include="libs\asmjit\src\asmjit\core\archtraits.cpp">
      <Filter>Source Files\asmjit\core</Filter>
    </ClCompile>
    <ClCompile Include="libs\asmjit\src\asmjit\core\assembler.cpp">
      <Filter>Source Files\asmjit\core</Filter>
    </ClCompile>
    <ClCompile Include="libs\asmjit\src\asmjit\core\builder.cpp">
      <Filter>Source Files\asmjit\core</Filter>
    </ClCompile>
    <ClCompile Include="libs\asmjit\src\asmjit\core\codeholder.cpp">
      <Filter>Source Files\asmjit\core</Filter>
    </ClCompile>
    <ClCompile Include="libs\asmjit\src\asmjit\core\codewriter.cpp">
      <Filter>Source Files\asmjit\core</Filter>
    </ClCompile>
    <ClCompile Include="libs\asmjit\src\asmjit\core\compiler.cpp">
      <Filter>Source Files\asmjit\core</Filter>
    </ClCompile>
    <ClCompile Include="libs\asmjit\src\asmjit\core\constpool.cpp">
      <Filter>Source Files\asmjit\core</Filter>
    </ClCompile>
    <ClCompile Include="libs\asmjit\src\asmjit\core\cpuinfo.cpp">
      <Filter>Source Files\asmjit\core</Filter>
    </ClCompile>
    <ClCompile Include="libs\asmjit\src\asmjit\core\emithelper.cpp">
      <Filter>Source Files\asmjit\core</Filter>
    </ClCompile>
    <ClCompile Include="libs\asmjit\src\asmjit\core\emitter.cpp">
      <Filter>Source Files\asmjit\core</Filter>
    </ClCompile>
    <ClCompile Include="libs\asmjit\src\asmjit\core\emitterutils.cpp">
      <Filter>Source Files\asmjit\core</Filter>
    </ClCompile>
    <ClCompile Include="libs\asmjit\src\asmjit\core\environment.cpp">
      <Filter>Source Files\asmjit\core</Filter>
    </ClCompile>
    <ClCompile Include="libs\asmjit\src\asmjit\core\errorhandler.cpp">
      <Filter>Source Files\asmjit\core</Filter>
    </ClCompile>
    <ClCompile Include="libs\asmjit\src\asmjit\core\formatter.cpp">
      <Filter>Source Files\asmjit\core</Filter>
    </ClCompile>
    <ClCompile Include="libs\asmjit\src\asmjit\core\func.cpp">
      <Filter>Source Files\asmjit\core</Filter>
    </ClCompile>
    <ClCompile Include="libs\asmjit\src\asmjit\core\funcargscontext.cpp">
      <Filter>Source Files\asmjit\core</Filter>
    </ClCompile>
    <ClCompile Include="libs\asmjit\src\asmjit\core\globals.cpp">
      <Filter>Source Files\asmjit\core</Filter>
    </ClCompile>
    <ClCompile Include="libs\asmjit\src\asmjit\core\inst.cpp">
      <Filter>Source Files\asmjit\core</Filter>
    </ClCompile>
    <ClCompile Include="libs\asmjit\src\asmjit\core\instdb.cpp">
      <Filter>Source Files\asmjit\core</Filter>
    </ClCompile>
    <ClCompile Include="libs\asmjit\src\asmjit\core\jitallocator.cpp">
      <Filter>Source Files\asmjit\core</Filter>
    </ClCompile>
    <ClCompile Include="libs\asmjit\src\asmjit\core\jitruntime.cpp">
      <Filter>Source Files\asmjit\core</Filter>
    </ClCompile>
    <ClCompile Include="libs\asmjit\src\asmjit\core\logger.cpp">
      <Filter>Source Files\asmjit\core</Filter>
    </ClCompile>
    <ClCompile Include="libs\asmjit\src\asmjit\core\operand.cpp">
      <Filter>Source Files\asmjit\core</Filter>
    </ClCompile>
    <ClCompile Include="libs\asmjit\src\asmjit\core\osutils.cpp">
      <Filter>Source Files\asmjit\core</Filter>
    </ClCompile>
    <ClCompile Include="libs\asmjit\src\asmjit\core\ralocal.cpp">
      <Filter>Source Files\asmjit\core</Filter>
    </ClCompile>
    <ClCompile Include="libs\asmjit\src\asmjit\core\rapass.cpp">
      <Filter>Source Files\asmjit\core</Filter>
    </ClCompile>
    <ClCompile Include="libs\asmjit\src\asmjit\core\rastack.cpp">
      <Filter>Source Files\asmjit\core</Filter>
    </ClCompile>
    <ClCompile Include="libs\asmjit\src\asmjit\core\string.cpp">
      <Filter>Source Files\asmjit\core</Filter>
    </ClCompile>
    <ClCompile Include="libs\asmjit\src\asmjit\core\support.cpp">
      <Filter>Source Files\asmjit\core</Filter>
    </ClCompile>
    <ClCompile Include="libs\asmjit\src\asmjit\core\target.cpp">
      <Filter>Source Files\asmjit\core</Filter>
    </ClCompile>
    <ClCompile Include="libs\asmjit\src\asmjit\core\type.cpp">
      <Filter>Source Files\asmjit\core</Filter>
    </ClCompile>
    <ClCompile Include="libs\asmjit\src\asmjit\core\virtmem.cpp">
      <Filter>Source Files\asmjit\core</Filter>
    </ClCompile>
    <ClCompile Include="libs\asmjit\src\asmjit\core\zone.cpp">
      <Filter>Source Files\asmjit\core</Filter>
    </ClCompile>
    <ClCompile Include="libs\asmjit\src\asmjit\core\zonehash.cpp">
      <Filter>Source Files\asmjit\core</Filter>
    </ClCompile>
    <ClCompile Include="libs\asmjit\src\asmjit\core\zonelist.cpp">
      <Filter>Source Files\asmjit\core</Filter>
    </ClCompile>
    <ClCompile Include="libs\asmjit\src\asmjit\core\zonestack.cpp">
      <Filter>Source Files\asmjit\core</Filter>
    </ClCompile>
    <ClCompile Include="libs\asmjit\src\asmjit\core\zonetree.cpp">
      <Filter>Source Files\asmjit\core</Filter>
    </ClCompile>
    <ClCompile Include="libs\asmjit\src\asmjit\core\zonevector.cpp">
      <Filter>Source Files\asmjit\core</Filter>
    </ClCompile>
    <ClCompile Include="libs\asmjit\src\asmjit\x86\x86assembler.cpp">
      <Filter>Source Files\asmjit\x86</Filter>
    </ClCompile>
    <ClCompile Include="libs\asmjit\src\asmjit\x86\x86builder.cpp">
      <Filter>Source Files\asmjit\x86</Filter>
    </ClCompile>
    <ClCompile Include="libs\asmjit\src\asmjit\x86\x86compiler.cpp">
      <Filter>Source Files\asmjit\x86</Filter>
    </ClCompile>
    <ClCompile Include="libs\asmjit\src\asmjit\x86\x86emithelper.cpp">
      <Filter>Source Files\asmjit\x86</Filter>
    </ClCompile>
    <ClCompile Include="libs\asmjit\src\asmjit\x86\x86formatter.cpp">
      <Filter>Source Files\asmjit\x86</Filter>
    </ClCompile>
    <ClCompile Include="libs\asmjit\src\asmjit\x86\x86func.cpp">
      <Filter>Source Files\asmjit\x86</Filter>
    </ClCompile>
    <ClCompile Include="libs\asmjit\src\asmjit\x86\x86instapi.cpp">
      <Filter>Source Files\asmjit\x86</Filter>
    </ClCompile>
    <ClCompile Include="libs\asmjit\src\asmjit\x86\x86instdb.cpp">
      <Filter>Source Files\asmjit\x86</Filter>
    </ClCompile>
    <ClCompile Include="libs\asmjit\src\asmjit\x86\x86operand.cpp">
      <Filter>Source Files\asmjit\x86</Filter>
    </ClCompile>
    <ClCompile Include="libs\asmjit\src\asmjit\x86\x86rapass.cpp">
      <Filter>Source Files\asmjit\x86</Filter>
    </ClCompile>
    <ClCompile Include="systemhooks.cpp">
      <Filter>Source Files</Filter>
    </ClCompile>
    <ClCompile Include="utils.cpp">
      <Filter>Source Files</Filter>
    </ClCompile>
    <ClCompile Include="exceptions.cpp">
      <Filter>Source Files</Filter>
    </ClCompile>
    <ClCompile Include="arxan.cpp">
      <Filter>Source Files</Filter>
    </ClCompile>
    <ClCompile Include="gamehooks.cpp">
      <Filter>Source Files</Filter>
    </ClCompile>
  </ItemGroup>
  <ItemGroup>
    <ClInclude Include="main.h">
      <Filter>Header Files</Filter>
    </ClInclude>
    <ClInclude Include="libs\minhook\include\MinHook.h">
      <Filter>Header Files</Filter>
    </ClInclude>
    <ClInclude Include="libs\minhook\src\buffer.h">
      <Filter>Source Files\minhook</Filter>
    </ClInclude>
    <ClInclude Include="libs\minhook\src\hde\hde32.h">
      <Filter>Source Files\minhook</Filter>
    </ClInclude>
    <ClInclude Include="libs\minhook\src\hde\hde64.h">
      <Filter>Source Files\minhook</Filter>
    </ClInclude>
    <ClInclude Include="libs\minhook\src\hde\pstdint.h">
      <Filter>Source Files\minhook</Filter>
    </ClInclude>
    <ClInclude Include="libs\minhook\src\hde\table32.h">
      <Filter>Source Files\minhook</Filter>
    </ClInclude>
    <ClInclude Include="libs\minhook\src\hde\table64.h">
      <Filter>Source Files\minhook</Filter>
    </ClInclude>
    <ClInclude Include="libs\minhook\src\trampoline.h">
      <Filter>Source Files\minhook</Filter>
    </ClInclude>
    <ClInclude Include="gamestructs.h">
      <Filter>Header Files</Filter>
    </ClInclude>
    <ClInclude Include="winstructs.h">
      <Filter>Header Files</Filter>
    </ClInclude>
    <ClInclude Include="notes.h">
      <Filter>Header Files</Filter>
    </ClInclude>
    <ClInclude Include="gdll.h">
      <Filter>Header Files</Filter>
    </ClInclude>
    <ClInclude Include="restorentdll.h">
      <Filter>Header Files</Filter>
    </ClInclude>
    <ClInclude Include="utils.h">
      <Filter>Header Files</Filter>
    </ClInclude>
    <ClInclude Include="libs\patterns\Hooking.Patterns.h">
      <Filter>Header Files</Filter>
    </ClInclude>
    <ClInclude Include="libs\asmjit\src\asmjit\a64.h">
      <Filter>Source Files\asmjit</Filter>
    </ClInclude>
    <ClInclude Include="libs\asmjit\src\asmjit\arm.h">
      <Filter>Source Files\asmjit</Filter>
    </ClInclude>
    <ClInclude Include="libs\asmjit\src\asmjit\asmjit.h">
      <Filter>Source Files\asmjit</Filter>
    </ClInclude>
    <ClInclude Include="libs\asmjit\src\asmjit\asmjit-scope-begin.h">
      <Filter>Source Files\asmjit</Filter>
    </ClInclude>
    <ClInclude Include="libs\asmjit\src\asmjit\asmjit-scope-end.h">
      <Filter>Source Files\asmjit</Filter>
    </ClInclude>
    <ClInclude Include="libs\asmjit\src\asmjit\core.h">
      <Filter>Source Files\asmjit</Filter>
    </ClInclude>
    <ClInclude Include="libs\asmjit\src\asmjit\x86.h">
      <Filter>Source Files\asmjit</Filter>
    </ClInclude>
    <ClInclude Include="libs\asmjit\src\asmjit\arm\a64archtraits_p.h">
      <Filter>Source Files\asmjit\arm</Filter>
    </ClInclude>
    <ClInclude Include="libs\asmjit\src\asmjit\arm\a64assembler.h">
      <Filter>Source Files\asmjit\arm</Filter>
    </ClInclude>
    <ClInclude Include="libs\asmjit\src\asmjit\arm\a64builder.h">
      <Filter>Source Files\asmjit\arm</Filter>
    </ClInclude>
    <ClInclude Include="libs\asmjit\src\asmjit\arm\a64compiler.h">
      <Filter>Source Files\asmjit\arm</Filter>
    </ClInclude>
    <ClInclude Include="libs\asmjit\src\asmjit\arm\a64emithelper_p.h">
      <Filter>Source Files\asmjit\arm</Filter>
    </ClInclude>
    <ClInclude Include="libs\asmjit\src\asmjit\arm\a64emitter.h">
      <Filter>Source Files\asmjit\arm</Filter>
    </ClInclude>
    <ClInclude Include="libs\asmjit\src\asmjit\arm\a64formatter_p.h">
      <Filter>Source Files\asmjit\arm</Filter>
    </ClInclude>
    <ClInclude Include="libs\asmjit\src\asmjit\arm\a64func_p.h">
      <Filter>Source Files\asmjit\arm</Filter>
    </ClInclude>
    <ClInclude Include="libs\asmjit\src\asmjit\arm\a64globals.h">
      <Filter>Source Files\asmjit\arm</Filter>
    </ClInclude>
    <ClInclude Include="libs\asmjit\src\asmjit\arm\a64instapi_p.h">
      <Filter>Source Files\asmjit\arm</Filter>
    </ClInclude>
    <ClInclude Include="libs\asmjit\src\asmjit\arm\a64instdb.h">
      <Filter>Source Files\asmjit\arm</Filter>
    </ClInclude>
    <ClInclude Include="libs\asmjit\src\asmjit\arm\a64instdb_p.h">
      <Filter>Source Files\asmjit\arm</Filter>
    </ClInclude>
    <ClInclude Include="libs\asmjit\src\asmjit\arm\a64operand.h">
      <Filter>Source Files\asmjit\arm</Filter>
    </ClInclude>
    <ClInclude Include="libs\asmjit\src\asmjit\arm\a64rapass_p.h">
      <Filter>Source Files\asmjit\arm</Filter>
    </ClInclude>
    <ClInclude Include="libs\asmjit\src\asmjit\arm\armformatter_p.h">
      <Filter>Source Files\asmjit\arm</Filter>
    </ClInclude>
    <ClInclude Include="libs\asmjit\src\asmjit\arm\armglobals.h">
      <Filter>Source Files\asmjit\arm</Filter>
    </ClInclude>
    <ClInclude Include="libs\asmjit\src\asmjit\arm\armoperand.h">
      <Filter>Source Files\asmjit\arm</Filter>
    </ClInclude>
    <ClInclude Include="libs\asmjit\src\asmjit\arm\armutils.h">
      <Filter>Source Files\asmjit\arm</Filter>
    </ClInclude>
    <ClInclude Include="libs\asmjit\src\asmjit\core\api-build_p.h">
      <Filter>Source Files\asmjit\core</Filter>
    </ClInclude>
    <ClInclude Include="libs\asmjit\src\asmjit\core\api-config.h">
      <Filter>Source Files\asmjit\core</Filter>
    </ClInclude>
    <ClInclude Include="libs\asmjit\src\asmjit\core\archcommons.h">
      <Filter>Source Files\asmjit\core</Filter>
    </ClInclude>
    <ClInclude Include="libs\asmjit\src\asmjit\core\archtraits.h">
      <Filter>Source Files\asmjit\core</Filter>
    </ClInclude>
    <ClInclude Include="libs\asmjit\src\asmjit\core\assembler.h">
      <Filter>Source Files\asmjit\core</Filter>
    </ClInclude>
    <ClInclude Include="libs\asmjit\src\asmjit\core\builder.h">
      <Filter>Source Files\asmjit\core</Filter>
    </ClInclude>
    <ClInclude Include="libs\asmjit\src\asmjit\core\builder_p.h">
      <Filter>Source Files\asmjit\core</Filter>
    </ClInclude>
    <ClInclude Include="libs\asmjit\src\asmjit\core\codebuffer.h">
      <Filter>Source Files\asmjit\core</Filter>
    </ClInclude>
    <ClInclude Include="libs\asmjit\src\asmjit\core\codeholder.h">
      <Filter>Source Files\asmjit\core</Filter>
    </ClInclude>
    <ClInclude Include="libs\asmjit\src\asmjit\core\codewriter_p.h">
      <Filter>Source Files\asmjit\core</Filter>
    </ClInclude>
    <ClInclude Include="libs\asmjit\src\asmjit\core\compiler.h">
      <Filter>Source Files\asmjit\core</Filter>
    </ClInclude>
    <ClInclude Include="libs\asmjit\src\asmjit\core\compilerdefs.h">
      <Filter>Source Files\asmjit\core</Filter>
    </ClInclude>
    <ClInclude Include="libs\asmjit\src\asmjit\core\constpool.h">
      <Filter>Source Files\asmjit\core</Filter>
    </ClInclude>
    <ClInclude Include="libs\asmjit\src\asmjit\core\cpuinfo.h">
      <Filter>Source Files\asmjit\core</Filter>
    </ClInclude>
    <ClInclude Include="libs\asmjit\src\asmjit\core\emithelper_p.h">
      <Filter>Source Files\asmjit\core</Filter>
    </ClInclude>
    <ClInclude Include="libs\asmjit\src\asmjit\core\emitter.h">
      <Filter>Source Files\asmjit\core</Filter>
    </ClInclude>
    <ClInclude Include="libs\asmjit\src\asmjit\core\emitterutils_p.h">
      <Filter>Source Files\asmjit\core</Filter>
    </ClInclude>
    <ClInclude Include="libs\asmjit\src\asmjit\core\environment.h">
      <Filter>Source Files\asmjit\core</Filter>
    </ClInclude>
    <ClInclude Include="libs\asmjit\src\asmjit\core\errorhandler.h">
      <Filter>Source Files\asmjit\core</Filter>
    </ClInclude>
    <ClInclude Include="libs\asmjit\src\asmjit\core\formatter.h">
      <Filter>Source Files\asmjit\core</Filter>
    </ClInclude>
    <ClInclude Include="libs\asmjit\src\asmjit\core\formatter_p.h">
      <Filter>Source Files\asmjit\core</Filter>
    </ClInclude>
    <ClInclude Include="libs\asmjit\src\asmjit\core\func.h">
      <Filter>Source Files\asmjit\core</Filter>
    </ClInclude>
    <ClInclude Include="libs\asmjit\src\asmjit\core\funcargscontext_p.h">
      <Filter>Source Files\asmjit\core</Filter>
    </ClInclude>
    <ClInclude Include="libs\asmjit\src\asmjit\core\globals.h">
      <Filter>Source Files\asmjit\core</Filter>
    </ClInclude>
    <ClInclude Include="libs\asmjit\src\asmjit\core\inst.h">
      <Filter>Source Files\asmjit\core</Filter>
    </ClInclude>
    <ClInclude Include="libs\asmjit\src\asmjit\core\instdb_p.h">
      <Filter>Source Files\asmjit\core</Filter>
    </ClInclude>
    <ClInclude Include="libs\asmjit\src\asmjit\core\jitallocator.h">
      <Filter>Source Files\asmjit\core</Filter>
    </ClInclude>
    <ClInclude Include="libs\asmjit\src\asmjit\core\jitruntime.h">
      <Filter>Source Files\asmjit\core</Filter>
    </ClInclude>
    <ClInclude Include="libs\asmjit\src\asmjit\core\logger.h">
      <Filter>Source Files\asmjit\core</Filter>
    </ClInclude>
    <ClInclude Include="libs\asmjit\src\asmjit\core\misc_p.h">
      <Filter>Source Files\asmjit\core</Filter>
    </ClInclude>
    <ClInclude Include="libs\asmjit\src\asmjit\core\operand.h">
      <Filter>Source Files\asmjit\core</Filter>
    </ClInclude>
    <ClInclude Include="libs\asmjit\src\asmjit\core\osutils.h">
      <Filter>Source Files\asmjit\core</Filter>
    </ClInclude>
    <ClInclude Include="libs\asmjit\src\asmjit\core\osutils_p.h">
      <Filter>Source Files\asmjit\core</Filter>
    </ClInclude>
    <ClInclude Include="libs\asmjit\src\asmjit\core\raassignment_p.h">
      <Filter>Source Files\asmjit\core</Filter>
    </ClInclude>
    <ClInclude Include="libs\asmjit\src\asmjit\core\rabuilders_p.h">
      <Filter>Source Files\asmjit\core</Filter>
    </ClInclude>
    <ClInclude Include="libs\asmjit\src\asmjit\core\radefs_p.h">
      <Filter>Source Files\asmjit\core</Filter>
    </ClInclude>
    <ClInclude Include="libs\asmjit\src\asmjit\core\ralocal_p.h">
      <Filter>Source Files\asmjit\core</Filter>
    </ClInclude>
    <ClInclude Include="libs\asmjit\src\asmjit\core\rapass_p.h">
      <Filter>Source Files\asmjit\core</Filter>
    </ClInclude>
    <ClInclude Include="libs\asmjit\src\asmjit\core\rastack_p.h">
      <Filter>Source Files\asmjit\core</Filter>
    </ClInclude>
    <ClInclude Include="libs\asmjit\src\asmjit\core\string.h">
      <Filter>Source Files\asmjit\core</Filter>
    </ClInclude>
    <ClInclude Include="libs\asmjit\src\asmjit\core\support.h">
      <Filter>Source Files\asmjit\core</Filter>
    </ClInclude>
    <ClInclude Include="libs\asmjit\src\asmjit\core\support_p.h">
      <Filter>Source Files\asmjit\core</Filter>
    </ClInclude>
    <ClInclude Include="libs\asmjit\src\asmjit\core\target.h">
      <Filter>Source Files\asmjit\core</Filter>
    </ClInclude>
    <ClInclude Include="libs\asmjit\src\asmjit\core\type.h">
      <Filter>Source Files\asmjit\core</Filter>
    </ClInclude>
    <ClInclude Include="libs\asmjit\src\asmjit\core\virtmem.h">
      <Filter>Source Files\asmjit\core</Filter>
    </ClInclude>
    <ClInclude Include="libs\asmjit\src\asmjit\core\zone.h">
      <Filter>Source Files\asmjit\core</Filter>
    </ClInclude>
    <ClInclude Include="libs\asmjit\src\asmjit\core\zonehash.h">
      <Filter>Source Files\asmjit\core</Filter>
    </ClInclude>
    <ClInclude Include="libs\asmjit\src\asmjit\core\zonelist.h">
      <Filter>Source Files\asmjit\core</Filter>
    </ClInclude>
    <ClInclude Include="libs\asmjit\src\asmjit\core\zonestack.h">
      <Filter>Source Files\asmjit\core</Filter>
    </ClInclude>
    <ClInclude Include="libs\asmjit\src\asmjit\core\zonestring.h">
      <Filter>Source Files\asmjit\core</Filter>
    </ClInclude>
    <ClInclude Include="libs\asmjit\src\asmjit\core\zonetree.h">
      <Filter>Source Files\asmjit\core</Filter>
    </ClInclude>
    <ClInclude Include="libs\asmjit\src\asmjit\core\zonevector.h">
      <Filter>Source Files\asmjit\core</Filter>
    </ClInclude>
    <ClInclude Include="libs\asmjit\src\asmjit\x86\x86archtraits_p.h">
      <Filter>Source Files\asmjit\x86</Filter>
    </ClInclude>
    <ClInclude Include="libs\asmjit\src\asmjit\x86\x86assembler.h">
      <Filter>Source Files\asmjit\x86</Filter>
    </ClInclude>
    <ClInclude Include="libs\asmjit\src\asmjit\x86\x86builder.h">
      <Filter>Source Files\asmjit\x86</Filter>
    </ClInclude>
    <ClInclude Include="libs\asmjit\src\asmjit\x86\x86compiler.h">
      <Filter>Source Files\asmjit\x86</Filter>
    </ClInclude>
    <ClInclude Include="libs\asmjit\src\asmjit\x86\x86emithelper_p.h">
      <Filter>Source Files\asmjit\x86</Filter>
    </ClInclude>
    <ClInclude Include="libs\asmjit\src\asmjit\x86\x86emitter.h">
      <Filter>Source Files\asmjit\x86</Filter>
    </ClInclude>
    <ClInclude Include="libs\asmjit\src\asmjit\x86\x86formatter_p.h">
      <Filter>Source Files\asmjit\x86</Filter>
    </ClInclude>
    <ClInclude Include="libs\asmjit\src\asmjit\x86\x86func_p.h">
      <Filter>Source Files\asmjit\x86</Filter>
    </ClInclude>
    <ClInclude Include="libs\asmjit\src\asmjit\x86\x86globals.h">
      <Filter>Source Files\asmjit\x86</Filter>
    </ClInclude>
    <ClInclude Include="libs\asmjit\src\asmjit\x86\x86instapi_p.h">
      <Filter>Source Files\asmjit\x86</Filter>
    </ClInclude>
    <ClInclude Include="libs\asmjit\src\asmjit\x86\x86instdb.h">
      <Filter>Source Files\asmjit\x86</Filter>
    </ClInclude>
    <ClInclude Include="libs\asmjit\src\asmjit\x86\x86instdb_p.h">
      <Filter>Source Files\asmjit\x86</Filter>
    </ClInclude>
    <ClInclude Include="libs\asmjit\src\asmjit\x86\x86opcode_p.h">
      <Filter>Source Files\asmjit\x86</Filter>
    </ClInclude>
    <ClInclude Include="libs\asmjit\src\asmjit\x86\x86operand.h">
      <Filter>Source Files\asmjit\x86</Filter>
    </ClInclude>
    <ClInclude Include="libs\asmjit\src\asmjit\x86\x86rapass_p.h">
      <Filter>Source Files\asmjit\x86</Filter>
    </ClInclude>
    <ClInclude Include="systemhooks.h">
      <Filter>Header Files</Filter>
    </ClInclude>
    <ClInclude Include="exceptions.h">
      <Filter>Header Files</Filter>
    </ClInclude>
    <ClInclude Include="arxan.h">
      <Filter>Header Files</Filter>
    </ClInclude>
    <ClInclude Include="gamehooks.h">
      <Filter>Header Files</Filter>
    </ClInclude>
  </ItemGroup>
  <ItemGroup>
    <MASM Include="powrprof.asm">
      <Filter>Source Files\proxy</Filter>
    </MASM>
  </ItemGroup>
</Project>