
Microsoft Visual Studio Solution File, Format Version 12.00
# Visual Studio Version 17
VisualStudioVersion = 17.6.33829.357
MinimumVisualStudioVersion = 10.0.40219.1
Project("{8BC9CEB8-8B4A-11D0-8D11-00A0C91BC942}") = "defaulthook", "defaulthook.vcxproj", "{BD0B82CD-962D-46F6-B818-B297A0917981}"
EndProject
Global
	GlobalSection(SolutionConfigurationPlatforms) = preSolution
		Debug|x64 = Debug|x64
		Release|x64 = Release|x64
	EndGlobalSection
	GlobalSection(ProjectConfigurationPlatforms) = postSolution
		{BD0B82CD-962D-46F6-B818-B297A0917981}.Debug|x64.ActiveCfg = Debug|x64
		{BD0B82CD-962D-46F6-B818-B297A0917981}.Debug|x64.Build.0 = Debug|x64
		{BD0B82CD-962D-46F6-B818-B297A0917981}.Release|x64.ActiveCfg = Release|x64
		{BD0B82CD-962D-46F6-B818-B297A0917981}.Release|x64.Build.0 = Release|x64
	EndGlobalSection
	GlobalSection(SolutionProperties) = preSolution
		HideSolutionNode = FALSE
	EndGlobalSection
	GlobalSection(ExtensibilityGlobals) = postSolution
		SolutionGuid = {3B615AA7-7E9B-442A-8252-9CBBB7C33101}
	EndGlobalSection
EndGlobal
